
Microsoft Visual Studio Solution File, Format Version 12.00
# Visual Studio Version 16
VisualStudioVersion = 16.0.29519.181
MinimumVisualStudioVersion = 10.0.40219.1
Project("{FAE04EC0-301F-11D3-BF4B-00C04F79EFBC}") = "DetalleRemisiones", "DetalleRemisiones\DetalleRemisiones.csproj", "{726EC522-B929-4470-ACC8-E478F2C222D0}"
EndProject
Global
	GlobalSection(SolutionConfigurationPlatforms) = preSolution
		Debug|Any CPU = Debug|Any CPU
		Release|Any CPU = Release|Any CPU
	EndGlobalSection
	GlobalSection(ProjectConfigurationPlatforms) = postSolution
		{726EC522-B929-4470-ACC8-E478F2C222D0}.Debug|Any CPU.ActiveCfg = Debug|Any CPU
		{726EC522-B929-4470-ACC8-E478F2C222D0}.Debug|Any CPU.Build.0 = Debug|Any CPU
		{726EC522-B929-4470-ACC8-E478F2C222D0}.Release|Any CPU.ActiveCfg = Release|Any CPU
		{726EC522-B929-4470-ACC8-E478F2C222D0}.Release|Any CPU.Build.0 = Release|Any CPU
	EndGlobalSection
	GlobalSection(SolutionProperties) = preSolution
		HideSolutionNode = FALSE
	EndGlobalSection
	GlobalSection(ExtensibilityGlobals) = postSolution
		SolutionGuid = {15BAAA6F-827B-41A1-9397-FF1B3CC166C9}
	EndGlobalSection
EndGlobal
